
Microsoft Visual Studio Solution File, Format Version 12.00
# Visual Studio Version 16
VisualStudioVersion = 16.0.29102.190
MinimumVisualStudioVersion = 10.0.40219.1
Project("{9A19103F-16F7-4668-BE54-9A1E7A4F7556}") = "VkInstruments.ConsoleApp", "VkInstruments.ConsoleApp\VkInstruments.ConsoleApp.csproj", "{5CFD4AA4-0880-4A2E-BF22-9D620AF2B405}"
EndProject
Project("{9A19103F-16F7-4668-BE54-9A1E7A4F7556}") = "VkInstruments.WebApp", "VkInstruments.CoreWebApp\VkInstruments.WebApp.csproj", "{C996AF8F-B6B6-4D97-8EBA-F42590330EC7}"
EndProject
Project("{9A19103F-16F7-4668-BE54-9A1E7A4F7556}") = "VkInstruments.Core", "VkInstruments.Core\VkInstruments.Core.csproj", "{02FEAB93-4688-4E7C-BD64-0CE35EBEEA05}"
EndProject
Project("{9A19103F-16F7-4668-BE54-9A1E7A4F7556}") = "VkInstruments.Core.Tests", "VkInstruments.Core.Tests\VkInstruments.Core.Tests.csproj", "{206435EB-58E4-4168-A390-CA4631FD42CC}"
EndProject
Project("{FAE04EC0-301F-11D3-BF4B-00C04F79EFBC}") = "VkInstruments.App", "VkInstruments.App\VkInstruments.App.csproj", "{AD6E1509-A65F-4381-A45E-3F74B8ED1FD4}"
EndProject
Global
	GlobalSection(SolutionConfigurationPlatforms) = preSolution
		Debug|Any CPU = Debug|Any CPU
		Release|Any CPU = Release|Any CPU
	EndGlobalSection
	GlobalSection(ProjectConfigurationPlatforms) = postSolution
		{5CFD4AA4-0880-4A2E-BF22-9D620AF2B405}.Debug|Any CPU.ActiveCfg = Debug|Any CPU
		{5CFD4AA4-0880-4A2E-BF22-9D620AF2B405}.Debug|Any CPU.Build.0 = Debug|Any CPU
		{5CFD4AA4-0880-4A2E-BF22-9D620AF2B405}.Release|Any CPU.ActiveCfg = Release|Any CPU
		{5CFD4AA4-0880-4A2E-BF22-9D620AF2B405}.Release|Any CPU.Build.0 = Release|Any CPU
		{C996AF8F-B6B6-4D97-8EBA-F42590330EC7}.Debug|Any CPU.ActiveCfg = Debug|Any CPU
		{C996AF8F-B6B6-4D97-8EBA-F42590330EC7}.Debug|Any CPU.Build.0 = Debug|Any CPU
		{C996AF8F-B6B6-4D97-8EBA-F42590330EC7}.Release|Any CPU.ActiveCfg = Release|Any CPU
		{C996AF8F-B6B6-4D97-8EBA-F42590330EC7}.Release|Any CPU.Build.0 = Release|Any CPU
		{02FEAB93-4688-4E7C-BD64-0CE35EBEEA05}.Debug|Any CPU.ActiveCfg = Debug|Any CPU
		{02FEAB93-4688-4E7C-BD64-0CE35EBEEA05}.Debug|Any CPU.Build.0 = Debug|Any CPU
		{02FEAB93-4688-4E7C-BD64-0CE35EBEEA05}.Release|Any CPU.ActiveCfg = Release|Any CPU
		{02FEAB93-4688-4E7C-BD64-0CE35EBEEA05}.Release|Any CPU.Build.0 = Release|Any CPU
		{206435EB-58E4-4168-A390-CA4631FD42CC}.Debug|Any CPU.ActiveCfg = Debug|Any CPU
		{206435EB-58E4-4168-A390-CA4631FD42CC}.Debug|Any CPU.Build.0 = Debug|Any CPU
		{206435EB-58E4-4168-A390-CA4631FD42CC}.Release|Any CPU.ActiveCfg = Release|Any CPU
		{206435EB-58E4-4168-A390-CA4631FD42CC}.Release|Any CPU.Build.0 = Release|Any CPU
		{AD6E1509-A65F-4381-A45E-3F74B8ED1FD4}.Debug|Any CPU.ActiveCfg = Debug|Any CPU
		{AD6E1509-A65F-4381-A45E-3F74B8ED1FD4}.Debug|Any CPU.Build.0 = Debug|Any CPU
		{AD6E1509-A65F-4381-A45E-3F74B8ED1FD4}.Release|Any CPU.ActiveCfg = Release|Any CPU
		{AD6E1509-A65F-4381-A45E-3F74B8ED1FD4}.Release|Any CPU.Build.0 = Release|Any CPU
	EndGlobalSection
	GlobalSection(SolutionProperties) = preSolution
		HideSolutionNode = FALSE
	EndGlobalSection
	GlobalSection(ExtensibilityGlobals) = postSolution
		SolutionGuid = {4E7C39E5-73A2-45D5-B548-43BBBDD3D0B9}
	EndGlobalSection
EndGlobal
